{
  "name": "portense-bien",
  "lockfileVersion": 2,
  "requires": true,
  "packages": {
    "": {
      "dependencies": {
        "warn-once": "^0.1.0"
      }
    },
    "node_modules/warn-once": {
      "version": "0.1.0",
      "resolved": "https://registry.npmjs.org/warn-once/-/warn-once-0.1.0.tgz",
      "integrity": "sha512-recZTSvuaH/On5ZU5ywq66y99lImWqzP93+AiUo9LUwG8gXHW+LJjhOd6REJHm7qb0niYqrEQJvbHSQfuJtTqA=="
    }
  },
  "dependencies": {
    "warn-once": {
      "version": "0.1.0",
      "resolved": "https://registry.npmjs.org/warn-once/-/warn-once-0.1.0.tgz",
      "integrity": "sha512-recZTSvuaH/On5ZU5ywq66y99lImWqzP93+AiUo9LUwG8gXHW+LJjhOd6REJHm7qb0niYqrEQJvbHSQfuJtTqA=="
    }
  }
}
